
Microsoft Visual Studio Solution File, Format Version 12.00
# Visual Studio Version 17
VisualStudioVersion = 17.10.35013.160
MinimumVisualStudioVersion = 10.0.40219.1
Project("{FAE04EC0-301F-11D3-BF4B-00C04F79EFBC}") = "WindowsFormsApp1", "WindowsFormsApp1\WindowsFormsApp1.csproj", "{44CB2F18-9F6E-44BC-8EAB-765769232F55}"
EndProject
Project("{FAE04EC0-301F-11D3-BF4B-00C04F79EFBC}") = "UnitTestProject1", "UnitTestProject1\UnitTestProject1.csproj", "{7E725B43-B490-4BD4-AED7-3B0278312FBD}"
EndProject
Global
	GlobalSection(SolutionConfigurationPlatforms) = preSolution
		Debug|Any CPU = Debug|Any CPU
		Release|Any CPU = Release|Any CPU
	EndGlobalSection
	GlobalSection(ProjectConfigurationPlatforms) = postSolution
		{44CB2F18-9F6E-44BC-8EAB-765769232F55}.Debug|Any CPU.ActiveCfg = Debug|Any CPU
		{44CB2F18-9F6E-44BC-8EAB-765769232F55}.Debug|Any CPU.Build.0 = Debug|Any CPU
		{44CB2F18-9F6E-44BC-8EAB-765769232F55}.Release|Any CPU.ActiveCfg = Release|Any CPU
		{44CB2F18-9F6E-44BC-8EAB-765769232F55}.Release|Any CPU.Build.0 = Release|Any CPU
		{7E725B43-B490-4BD4-AED7-3B0278312FBD}.Debug|Any CPU.ActiveCfg = Debug|Any CPU
		{7E725B43-B490-4BD4-AED7-3B0278312FBD}.Debug|Any CPU.Build.0 = Debug|Any CPU
		{7E725B43-B490-4BD4-AED7-3B0278312FBD}.Release|Any CPU.ActiveCfg = Release|Any CPU
		{7E725B43-B490-4BD4-AED7-3B0278312FBD}.Release|Any CPU.Build.0 = Release|Any CPU
	EndGlobalSection
	GlobalSection(SolutionProperties) = preSolution
		HideSolutionNode = FALSE
	EndGlobalSection
	GlobalSection(ExtensibilityGlobals) = postSolution
		SolutionGuid = {5B8FC2A5-9093-4CDB-8AC5-E90A953B8120}
	EndGlobalSection
EndGlobal
